
Microsoft Visual Studio Solution File, Format Version 12.00
# Visual Studio Version 17
VisualStudioVersion = 17.14.36705.20
MinimumVisualStudioVersion = 10.0.40219.1
Project("{8BC9CEB8-8B4A-11D0-8D11-00A0C91BC942}") = "K-OCRLib", "K-OCRLib\K-OCRLib.vcxproj", "{57FC44BC-28DC-4C35-889B-150F0B3E7352}"
EndProject
Project("{8BC9CEB8-8B4A-11D0-8D11-00A0C91BC942}") = "K-OCRLibRunner", "K-OCRLibRunner\K-OCRLibRunner.vcxproj", "{FA19735D-6880-4628-AB75-501C2EE9C911}"
EndProject
Project("{FAE04EC0-301F-11D3-BF4B-00C04F79EFBC}") = "K-OCR", "K-OCR\K-OCR.csproj", "{CE2B559B-F24F-4074-A55E-0E13F9CB1E5C}"
EndProject
Global
	GlobalSection(SolutionConfigurationPlatforms) = preSolution
		Debug|Any CPU = Debug|Any CPU
		Debug|x64 = Debug|x64
		Debug|x86 = Debug|x86
		Release|Any CPU = Release|Any CPU
		Release|x64 = Release|x64
		Release|x86 = Release|x86
	EndGlobalSection
	GlobalSection(ProjectConfigurationPlatforms) = postSolution
		{57FC44BC-28DC-4C35-889B-150F0B3E7352}.Debug|Any CPU.ActiveCfg = Debug|x64
		{57FC44BC-28DC-4C35-889B-150F0B3E7352}.Debug|Any CPU.Build.0 = Debug|x64
		{57FC44BC-28DC-4C35-889B-150F0B3E7352}.Debug|x64.ActiveCfg = Debug|x64
		{57FC44BC-28DC-4C35-889B-150F0B3E7352}.Debug|x86.ActiveCfg = Debug|Win32
		{57FC44BC-28DC-4C35-889B-150F0B3E7352}.Debug|x86.Build.0 = Debug|Win32
		{57FC44BC-28DC-4C35-889B-150F0B3E7352}.Release|Any CPU.ActiveCfg = Release|x64
		{57FC44BC-28DC-4C35-889B-150F0B3E7352}.Release|Any CPU.Build.0 = Release|x64
		{57FC44BC-28DC-4C35-889B-150F0B3E7352}.Release|x64.ActiveCfg = Release|x64
		{57FC44BC-28DC-4C35-889B-150F0B3E7352}.Release|x64.Build.0 = Release|x64
		{57FC44BC-28DC-4C35-889B-150F0B3E7352}.Release|x86.ActiveCfg = Release|Win32
		{57FC44BC-28DC-4C35-889B-150F0B3E7352}.Release|x86.Build.0 = Release|Win32
		{FA19735D-6880-4628-AB75-501C2EE9C911}.Debug|Any CPU.ActiveCfg = Debug|x64
		{FA19735D-6880-4628-AB75-501C2EE9C911}.Debug|Any CPU.Build.0 = Debug|x64
		{FA19735D-6880-4628-AB75-501C2EE9C911}.Debug|x64.ActiveCfg = Debug|x64
		{FA19735D-6880-4628-AB75-501C2EE9C911}.Debug|x86.ActiveCfg = Debug|Win32
		{FA19735D-6880-4628-AB75-501C2EE9C911}.Debug|x86.Build.0 = Debug|Win32
		{FA19735D-6880-4628-AB75-501C2EE9C911}.Release|Any CPU.ActiveCfg = Release|x64
		{FA19735D-6880-4628-AB75-501C2EE9C911}.Release|Any CPU.Build.0 = Release|x64
		{FA19735D-6880-4628-AB75-501C2EE9C911}.Release|x64.ActiveCfg = Release|x64
		{FA19735D-6880-4628-AB75-501C2EE9C911}.Release|x64.Build.0 = Release|x64
		{FA19735D-6880-4628-AB75-501C2EE9C911}.Release|x86.ActiveCfg = Release|Win32
		{FA19735D-6880-4628-AB75-501C2EE9C911}.Release|x86.Build.0 = Release|Win32
		{CE2B559B-F24F-4074-A55E-0E13F9CB1E5C}.Debug|Any CPU.ActiveCfg = Debug|Any CPU
		{CE2B559B-F24F-4074-A55E-0E13F9CB1E5C}.Debug|Any CPU.Build.0 = Debug|Any CPU
		{CE2B559B-F24F-4074-A55E-0E13F9CB1E5C}.Debug|x64.ActiveCfg = Debug|Any CPU
		{CE2B559B-F24F-4074-A55E-0E13F9CB1E5C}.Debug|x64.Build.0 = Debug|Any CPU
		{CE2B559B-F24F-4074-A55E-0E13F9CB1E5C}.Debug|x86.ActiveCfg = Debug|Any CPU
		{CE2B559B-F24F-4074-A55E-0E13F9CB1E5C}.Debug|x86.Build.0 = Debug|Any CPU
		{CE2B559B-F24F-4074-A55E-0E13F9CB1E5C}.Release|Any CPU.ActiveCfg = Release|Any CPU
		{CE2B559B-F24F-4074-A55E-0E13F9CB1E5C}.Release|Any CPU.Build.0 = Release|Any CPU
		{CE2B559B-F24F-4074-A55E-0E13F9CB1E5C}.Release|x64.ActiveCfg = Release|Any CPU
		{CE2B559B-F24F-4074-A55E-0E13F9CB1E5C}.Release|x64.Build.0 = Release|Any CPU
		{CE2B559B-F24F-4074-A55E-0E13F9CB1E5C}.Release|x86.ActiveCfg = Release|Any CPU
		{CE2B559B-F24F-4074-A55E-0E13F9CB1E5C}.Release|x86.Build.0 = Release|Any CPU
	EndGlobalSection
	GlobalSection(SolutionProperties) = preSolution
		HideSolutionNode = FALSE
	EndGlobalSection
	GlobalSection(ExtensibilityGlobals) = postSolution
		SolutionGuid = {C7A2E774-7AC6-4232-8BAC-EC2B08C6BE9A}
	EndGlobalSection
EndGlobal
